
Microsoft Visual Studio Solution File, Format Version 12.00
Project("{FAE04EC0-301F-11D3-BF4B-00C04F79EFBC}") = "Entities", "server\Entities\Entities.csproj", "{5C936955-2AF9-403B-B28E-FF3A51C53435}"
EndProject
Project("{FAE04EC0-301F-11D3-BF4B-00C04F79EFBC}") = "Croissant", "server\Croissant\Croissant.csproj", "{96B3ABD4-D09A-4227-B91D-D59069D61BDF}"
EndProject
Global
	GlobalSection(SolutionConfigurationPlatforms) = preSolution
		Debug|Any CPU = Debug|Any CPU
		Release|Any CPU = Release|Any CPU
	EndGlobalSection
	GlobalSection(ProjectConfigurationPlatforms) = postSolution
		{5C936955-2AF9-403B-B28E-FF3A51C53435}.Debug|Any CPU.ActiveCfg = Debug|Any CPU
		{5C936955-2AF9-403B-B28E-FF3A51C53435}.Debug|Any CPU.Build.0 = Debug|Any CPU
		{5C936955-2AF9-403B-B28E-FF3A51C53435}.Release|Any CPU.ActiveCfg = Release|Any CPU
		{5C936955-2AF9-403B-B28E-FF3A51C53435}.Release|Any CPU.Build.0 = Release|Any CPU
		{96B3ABD4-D09A-4227-B91D-D59069D61BDF}.Debug|Any CPU.ActiveCfg = Debug|Any CPU
		{96B3ABD4-D09A-4227-B91D-D59069D61BDF}.Debug|Any CPU.Build.0 = Debug|Any CPU
		{96B3ABD4-D09A-4227-B91D-D59069D61BDF}.Release|Any CPU.ActiveCfg = Release|Any CPU
		{96B3ABD4-D09A-4227-B91D-D59069D61BDF}.Release|Any CPU.Build.0 = Release|Any CPU
	EndGlobalSection
EndGlobal
